// !$*UTF8*$!
{
	archiveVersion = 1;
	classes = {
	};
	objectVersion = 50;
	objects = {

/* Begin PBXBuildFile section */
		B20E1EBB2082447B0076322F /* AppDelegate.swift in Sources */ = {isa = PBXBuildFile; fileRef = B20E1EBA2082447B0076322F /* AppDelegate.swift */; };
		B20E1EBD2082447B0076322F /* LoadingViewController.swift in Sources */ = {isa = PBXBuildFile; fileRef = B20E1EBC2082447B0076322F /* LoadingViewController.swift */; };
		B20E1EC02082447B0076322F /* Main.storyboard in Resources */ = {isa = PBXBuildFile; fileRef = B20E1EBE2082447B0076322F /* Main.storyboard */; };
		B20E1EC22082447D0076322F /* Assets.xcassets in Resources */ = {isa = PBXBuildFile; fileRef = B20E1EC12082447D0076322F /* Assets.xcassets */; };
		B20E1EC52082447D0076322F /* LaunchScreen.storyboard in Resources */ = {isa = PBXBuildFile; fileRef = B20E1EC32082447D0076322F /* LaunchScreen.storyboard */; };
		B20E1ECE208249280076322F /* NetworkController.swift in Sources */ = {isa = PBXBuildFile; fileRef = B20E1ECD208249280076322F /* NetworkController.swift */; };
		B20E1ED0208364130076322F /* QuestionListViewController.swift in Sources */ = {isa = PBXBuildFile; fileRef = B20E1ECF208364120076322F /* QuestionListViewController.swift */; };
		B20E1ED4208367D00076322F /* Question.swift in Sources */ = {isa = PBXBuildFile; fileRef = B20E1ED3208367D00076322F /* Question.swift */; };
		B20E1ED6208367F80076322F /* Choice.swift in Sources */ = {isa = PBXBuildFile; fileRef = B20E1ED5208367F80076322F /* Choice.swift */; };
		B20E1ED820839F4D0076322F /* QuestionParser.swift in Sources */ = {isa = PBXBuildFile; fileRef = B20E1ED720839F4D0076322F /* QuestionParser.swift */; };
		B20E1EDA2083F72A0076322F /* Extensions.swift in Sources */ = {isa = PBXBuildFile; fileRef = B20E1ED92083F72A0076322F /* Extensions.swift */; };
		B23D4E7F2084E1CF00A848D4 /* Reachability.swift in Sources */ = {isa = PBXBuildFile; fileRef = B23D4E7E2084E1CF00A848D4 /* Reachability.swift */; };
		B2BF69D12084D5FD00BCED6A /* ShareQuestionViewController.swift in Sources */ = {isa = PBXBuildFile; fileRef = B2BF69D02084D5FD00BCED6A /* ShareQuestionViewController.swift */; };
		B2D086EE2083FFD000B9234B /* URLParser.swift in Sources */ = {isa = PBXBuildFile; fileRef = B2D086ED2083FFD000B9234B /* URLParser.swift */; };
		B2D086F02084041C00B9234B /* QuestionDetailViewController.swift in Sources */ = {isa = PBXBuildFile; fileRef = B2D086EF2084041C00B9234B /* QuestionDetailViewController.swift */; };
/* End PBXBuildFile section */

/* Begin PBXFileReference section */
		B20E1EB72082447A0076322F /* blissapp.app */ = {isa = PBXFileReference; explicitFileType = wrapper.application; includeInIndex = 0; path = blissapp.app; sourceTree = BUILT_PRODUCTS_DIR; };
		B20E1EBA2082447B0076322F /* AppDelegate.swift */ = {isa = PBXFileReference; lastKnownFileType = sourcecode.swift; path = AppDelegate.swift; sourceTree = "<group>"; };
		B20E1EBC2082447B0076322F /* LoadingViewController.swift */ = {isa = PBXFileReference; lastKnownFileType = sourcecode.swift; path = LoadingViewController.swift; sourceTree = "<group>"; };
		B20E1EBF2082447B0076322F /* Base */ = {isa = PBXFileReference; lastKnownFileType = file.storyboard; name = Base; path = Base.lproj/Main.storyboard; sourceTree = "<group>"; };
		B20E1EC12082447D0076322F /* Assets.xcassets */ = {isa = PBXFileReference; lastKnownFileType = folder.assetcatalog; path = Assets.xcassets; sourceTree = "<group>"; };
		B20E1EC42082447D0076322F /* Base */ = {isa = PBXFileReference; lastKnownFileType = file.storyboard; name = Base; path = Base.lproj/LaunchScreen.storyboard; sourceTree = "<group>"; };
		B20E1EC62082447D0076322F /* Info.plist */ = {isa = PBXFileReference; lastKnownFileType = text.plist.xml; path = Info.plist; sourceTree = "<group>"; };
		B20E1ECD208249280076322F /* NetworkController.swift */ = {isa = PBXFileReference; lastKnownFileType = sourcecode.swift; path = NetworkController.swift; sourceTree = "<group>"; };
		B20E1ECF208364120076322F /* QuestionListViewController.swift */ = {isa = PBXFileReference; lastKnownFileType = sourcecode.swift; path = QuestionListViewController.swift; sourceTree = "<group>"; };
		B20E1ED3208367D00076322F /* Question.swift */ = {isa = PBXFileReference; lastKnownFileType = sourcecode.swift; path = Question.swift; sourceTree = "<group>"; };
		B20E1ED5208367F80076322F /* Choice.swift */ = {isa = PBXFileReference; lastKnownFileType = sourcecode.swift; path = Choice.swift; sourceTree = "<group>"; };
		B20E1ED720839F4D0076322F /* QuestionParser.swift */ = {isa = PBXFileReference; lastKnownFileType = sourcecode.swift; path = QuestionParser.swift; sourceTree = "<group>"; };
		B20E1ED92083F72A0076322F /* Extensions.swift */ = {isa = PBXFileReference; lastKnownFileType = sourcecode.swift; path = Extensions.swift; sourceTree = "<group>"; };
		B23D4E7E2084E1CF00A848D4 /* Reachability.swift */ = {isa = PBXFileReference; fileEncoding = 4; lastKnownFileType = sourcecode.swift; path = Reachability.swift; sourceTree = "<group>"; };
		B2BF69D02084D5FD00BCED6A /* ShareQuestionViewController.swift */ = {isa = PBXFileReference; lastKnownFileType = sourcecode.swift; path = ShareQuestionViewController.swift; sourceTree = "<group>"; };
		B2D086ED2083FFD000B9234B /* URLParser.swift */ = {isa = PBXFileReference; lastKnownFileType = sourcecode.swift; path = URLParser.swift; sourceTree = "<group>"; };
		B2D086EF2084041C00B9234B /* QuestionDetailViewController.swift */ = {isa = PBXFileReference; lastKnownFileType = sourcecode.swift; path = QuestionDetailViewController.swift; sourceTree = "<group>"; };
/* End PBXFileReference section */

/* Begin PBXFrameworksBuildPhase section */
		B20E1EB42082447A0076322F /* Frameworks */ = {
			isa = PBXFrameworksBuildPhase;
			buildActionMask = 2147483647;
			files = (
			);
			runOnlyForDeploymentPostprocessing = 0;
		};
/* End PBXFrameworksBuildPhase section */

/* Begin PBXGroup section */
		B20E1EAE2082447A0076322F = {
			isa = PBXGroup;
			children = (
				B20E1EB92082447A0076322F /* blissapp */,
				B20E1EB82082447A0076322F /* Products */,
			);
			sourceTree = "<group>";
		};
		B20E1EB82082447A0076322F /* Products */ = {
			isa = PBXGroup;
			children = (
				B20E1EB72082447A0076322F /* blissapp.app */,
			);
			name = Products;
			sourceTree = "<group>";
		};
		B20E1EB92082447A0076322F /* blissapp */ = {
			isa = PBXGroup;
			children = (
				B20E1EBA2082447B0076322F /* AppDelegate.swift */,
				B20E1ED92083F72A0076322F /* Extensions.swift */,
				B2D086ED2083FFD000B9234B /* URLParser.swift */,
				B23D4E7E2084E1CF00A848D4 /* Reachability.swift */,
				B20E1ECC2082490C0076322F /* Networking */,
				B20E1ED1208367790076322F /* Views */,
				B20E1ED2208367BC0076322F /* Models */,
				B20E1EBE2082447B0076322F /* Main.storyboard */,
				B20E1EC12082447D0076322F /* Assets.xcassets */,
				B20E1EC32082447D0076322F /* LaunchScreen.storyboard */,
				B20E1EC62082447D0076322F /* Info.plist */,
			);
			path = blissapp;
			sourceTree = "<group>";
		};
		B20E1ECC2082490C0076322F /* Networking */ = {
			isa = PBXGroup;
			children = (
				B20E1ECD208249280076322F /* NetworkController.swift */,
				B20E1ED720839F4D0076322F /* QuestionParser.swift */,
			);
			path = Networking;
			sourceTree = "<group>";
		};
		B20E1ED1208367790076322F /* Views */ = {
			isa = PBXGroup;
			children = (
				B20E1EBC2082447B0076322F /* LoadingViewController.swift */,
				B20E1ECF208364120076322F /* QuestionListViewController.swift */,
				B2D086EF2084041C00B9234B /* QuestionDetailViewController.swift */,
				B2BF69D02084D5FD00BCED6A /* ShareQuestionViewController.swift */,
			);
			path = Views;
			sourceTree = "<group>";
		};
		B20E1ED2208367BC0076322F /* Models */ = {
			isa = PBXGroup;
			children = (
				B20E1ED3208367D00076322F /* Question.swift */,
				B20E1ED5208367F80076322F /* Choice.swift */,
			);
			path = Models;
			sourceTree = "<group>";
		};
/* End PBXGroup section */

/* Begin PBXNativeTarget section */
		B20E1EB62082447A0076322F /* blissapp */ = {
			isa = PBXNativeTarget;
			buildConfigurationList = B20E1EC92082447D0076322F /* Build configuration list for PBXNativeTarget "blissapp" */;
			buildPhases = (
				B20E1EB32082447A0076322F /* Sources */,
				B20E1EB42082447A0076322F /* Frameworks */,
				B20E1EB52082447A0076322F /* Resources */,
			);
			buildRules = (
			);
			dependencies = (
			);
			name = blissapp;
			productName = blissapp;
			productReference = B20E1EB72082447A0076322F /* blissapp.app */;
			productType = "com.apple.product-type.application";
		};
/* End PBXNativeTarget section */

/* Begin PBXProject section */
		B20E1EAF2082447A0076322F /* Project object */ = {
			isa = PBXProject;
			attributes = {
				LastSwiftUpdateCheck = 0930;
				LastUpgradeCheck = 0930;
				ORGANIZATIONNAME = Luis;
				TargetAttributes = {
					B20E1EB62082447A0076322F = {
						CreatedOnToolsVersion = 9.3;
						LastSwiftMigration = 1030;
					};
				};
			};
			buildConfigurationList = B20E1EB22082447A0076322F /* Build configuration list for PBXProject "blissapp" */;
			compatibilityVersion = "Xcode 9.3";
			developmentRegion = en;
			hasScannedForEncodings = 0;
			knownRegions = (
				en,
				Base,
			);
			mainGroup = B20E1EAE2082447A0076322F;
			productRefGroup = B20E1EB82082447A0076322F /* Products */;
			projectDirPath = "";
			projectRoot = "";
			targets = (
				B20E1EB62082447A0076322F /* blissapp */,
			);
		};
/* End PBXProject section */

/* Begin PBXResourcesBuildPhase section */
		B20E1EB52082447A0076322F /* Resources */ = {
			isa = PBXResourcesBuildPhase;
			buildActionMask = 2147483647;
			files = (
				B20E1EC52082447D0076322F /* LaunchScreen.storyboard in Resources */,
				B20E1EC22082447D0076322F /* Assets.xcassets in Resources */,
				B20E1EC02082447B0076322F /* Main.storyboard in Resources */,
			);
			runOnlyForDeploymentPostprocessing = 0;
		};
/* End PBXResourcesBuildPhase section */

/* Begin PBXSourcesBuildPhase section */
		B20E1EB32082447A0076322F /* Sources */ = {
			isa = PBXSourcesBuildPhase;
			buildActionMask = 2147483647;
			files = (
				B20E1ED6208367F80076322F /* Choice.swift in Sources */,
				B2D086EE2083FFD000B9234B /* URLParser.swift in Sources */,
				B23D4E7F2084E1CF00A848D4 /* Reachability.swift in Sources */,
				B20E1ED4208367D00076322F /* Question.swift in Sources */,
				B20E1ED0208364130076322F /* QuestionListViewController.swift in Sources */,
				B2BF69D12084D5FD00BCED6A /* ShareQuestionViewController.swift in Sources */,
				B20E1EDA2083F72A0076322F /* Extensions.swift in Sources */,
				B2D086F02084041C00B9234B /* QuestionDetailViewController.swift in Sources */,
				B20E1ECE208249280076322F /* NetworkController.swift in Sources */,
				B20E1ED820839F4D0076322F /* QuestionParser.swift in Sources */,
				B20E1EBD2082447B0076322F /* LoadingViewController.swift in Sources */,
				B20E1EBB2082447B0076322F /* AppDelegate.swift in Sources */,
			);
			runOnlyForDeploymentPostprocessing = 0;
		};
/* End PBXSourcesBuildPhase section */

/* Begin PBXVariantGroup section */
		B20E1EBE2082447B0076322F /* Main.storyboard */ = {
			isa = PBXVariantGroup;
			children = (
				B20E1EBF2082447B0076322F /* Base */,
			);
			name = Main.storyboard;
			sourceTree = "<group>";
		};
		B20E1EC32082447D0076322F /* LaunchScreen.storyboard */ = {
			isa = PBXVariantGroup;
			children = (
				B20E1EC42082447D0076322F /* Base */,
			);
			name = LaunchScreen.storyboard;
			sourceTree = "<group>";
		};
/* End PBXVariantGroup section */

/* Begin XCBuildConfiguration section */
		B20E1EC72082447D0076322F /* Debug */ = {
			isa = XCBuildConfiguration;
			buildSettings = {
				ALWAYS_SEARCH_USER_PATHS = NO;
				CLANG_ANALYZER_NONNULL = YES;
				CLANG_ANALYZER_NUMBER_OBJECT_CONVERSION = YES_AGGRESSIVE;
				CLANG_CXX_LANGUAGE_STANDARD = "gnu++14";
				CLANG_CXX_LIBRARY = "libc++";
				CLANG_ENABLE_MODULES = YES;
				CLANG_ENABLE_OBJC_ARC = YES;
				CLANG_ENABLE_OBJC_WEAK = YES;
				CLANG_WARN_BLOCK_CAPTURE_AUTORELEASING = YES;
				CLANG_WARN_BOOL_CONVERSION = YES;
				CLANG_WARN_COMMA = YES;
				CLANG_WARN_CONSTANT_CONVERSION = YES;
				CLANG_WARN_DEPRECATED_OBJC_IMPLEMENTATIONS = YES;
				CLANG_WARN_DIRECT_OBJC_ISA_USAGE = YES_ERROR;
				CLANG_WARN_DOCUMENTATION_COMMENTS = YES;
				CLANG_WARN_EMPTY_BODY = YES;
				CLANG_WARN_ENUM_CONVERSION = YES;
				CLANG_WARN_INFINITE_RECURSION = YES;
				CLANG_WARN_INT_CONVERSION = YES;
				CLANG_WARN_NON_LITERAL_NULL_CONVERSION = YES;
				CLANG_WARN_OBJC_IMPLICIT_RETAIN_SELF = YES;
				CLANG_WARN_OBJC_LITERAL_CONVERSION = YES;
				CLANG_WARN_OBJC_ROOT_CLASS = YES_ERROR;
				CLANG_WARN_RANGE_LOOP_ANALYSIS = YES;
				CLANG_WARN_STRICT_PROTOTYPES = YES;
				CLANG_WARN_SUSPICIOUS_MOVE = YES;
				CLANG_WARN_UNGUARDED_AVAILABILITY = YES_AGGRESSIVE;
				CLANG_WARN_UNREACHABLE_CODE = YES;
				CLANG_WARN__DUPLICATE_METHOD_MATCH = YES;
				CODE_SIGN_IDENTITY = "iPhone Developer";
				COPY_PHASE_STRIP = NO;
				DEBUG_INFORMATION_FORMAT = dwarf;
				ENABLE_STRICT_OBJC_MSGSEND = YES;
				ENABLE_TESTABILITY = YES;
				GCC_C_LANGUAGE_STANDARD = gnu11;
				GCC_DYNAMIC_NO_PIC = NO;
				GCC_NO_COMMON_BLOCKS = YES;
				GCC_OPTIMIZATION_LEVEL = 0;
				GCC_PREPROCESSOR_DEFINITIONS = (
					"DEBUG=1",
					"$(inherited)",
				);
				GCC_WARN_64_TO_32_BIT_CONVERSION = YES;
				GCC_WARN_ABOUT_RETURN_TYPE = YES_ERROR;
				GCC_WARN_UNDECLARED_SELECTOR = YES;
				GCC_WARN_UNINITIALIZED_AUTOS = YES_AGGRESSIVE;
				GCC_WARN_UNUSED_FUNCTION = YES;
				GCC_WARN_UNUSED_VARIABLE = YES;
				IPHONEOS_DEPLOYMENT_TARGET = 11.3;
				MTL_ENABLE_DEBUG_INFO = YES;
				ONLY_ACTIVE_ARCH = YES;
				SDKROOT = iphoneos;
				SWIFT_ACTIVE_COMPILATION_CONDITIONS = DEBUG;
				SWIFT_OPTIMIZATION_LEVEL = "-Onone";
			};
			name = Debug;
		};
		B20E1EC82082447D0076322F /* Release */ = {
			isa = XCBuildConfiguration;
			buildSettings = {
				ALWAYS_SEARCH_USER_PATHS = NO;
				CLANG_ANALYZER_NONNULL = YES;
				CLANG_ANALYZER_NUMBER_OBJECT_CONVERSION = YES_AGGRESSIVE;
				CLANG_CXX_LANGUAGE_STANDARD = "gnu++14";
				CLANG_CXX_LIBRARY = "libc++";
				CLANG_ENABLE_MODULES = YES;
				CLANG_ENABLE_OBJC_ARC = YES;
				CLANG_ENABLE_OBJC_WEAK = YES;
				CLANG_WARN_BLOCK_CAPTURE_AUTORELEASING = YES;
				CLANG_WARN_BOOL_CONVERSION = YES;
				CLANG_WARN_COMMA = YES;
				CLANG_WARN_CONSTANT_CONVERSION = YES;
				CLANG_WARN_DEPRECATED_OBJC_IMPLEMENTATIONS = YES;
				CLANG_WARN_DIRECT_OBJC_ISA_USAGE = YES_ERROR;
				CLANG_WARN_DOCUMENTATION_COMMENTS = YES;
				CLANG_WARN_EMPTY_BODY = YES;
				CLANG_WARN_ENUM_CONVERSION = YES;
				CLANG_WARN_INFINITE_RECURSION = YES;
				CLANG_WARN_INT_CONVERSION = YES;
				CLANG_WARN_NON_LITERAL_NULL_CONVERSION = YES;
				CLANG_WARN_OBJC_IMPLICIT_RETAIN_SELF = YES;
				CLANG_WARN_OBJC_LITERAL_CONVERSION = YES;
				CLANG_WARN_OBJC_ROOT_CLASS = YES_ERROR;
				CLANG_WARN_RANGE_LOOP_ANALYSIS = YES;
				CLANG_WARN_STRICT_PROTOTYPES = YES;
				CLANG_WARN_SUSPICIOUS_MOVE = YES;
				CLANG_WARN_UNGUARDED_AVAILABILITY = YES_AGGRESSIVE;
				CLANG_WARN_UNREACHABLE_CODE = YES;
				CLANG_WARN__DUPLICATE_METHOD_MATCH = YES;
				CODE_SIGN_IDENTITY = "iPhone Developer";
				COPY_PHASE_STRIP = NO;
				DEBUG_INFORMATION_FORMAT = "dwarf-with-dsym";
				ENABLE_NS_ASSERTIONS = NO;
				ENABLE_STRICT_OBJC_MSGSEND = YES;
				GCC_C_LANGUAGE_STANDARD = gnu11;
				GCC_NO_COMMON_BLOCKS = YES;
				GCC_WARN_64_TO_32_BIT_CONVERSION = YES;
				GCC_WARN_ABOUT_RETURN_TYPE = YES_ERROR;
				GCC_WARN_UNDECLARED_SELECTOR = YES;
				GCC_WARN_UNINITIALIZED_AUTOS = YES_AGGRESSIVE;
				GCC_WARN_UNUSED_FUNCTION = YES;
				GCC_WARN_UNUSED_VARIABLE = YES;
				IPHONEOS_DEPLOYMENT_TARGET = 11.3;
				MTL_ENABLE_DEBUG_INFO = NO;
				SDKROOT = iphoneos;
				SWIFT_COMPILATION_MODE = wholemodule;
				SWIFT_OPTIMIZATION_LEVEL = "-O";
				VALIDATE_PRODUCT = YES;
			};
			name = Release;
		};
		B20E1ECA2082447D0076322F /* Debug */ = {
			isa = XCBuildConfiguration;
			buildSettings = {
				ASSETCATALOG_COMPILER_APPICON_NAME = AppIcon;
				CODE_SIGN_IDENTITY = "iPhone Developer";
				CODE_SIGN_STYLE = Automatic;
				DEVELOPMENT_TEAM = "";
				INFOPLIST_FILE = blissapp/Info.plist;
				LD_RUNPATH_SEARCH_PATHS = (
					"$(inherited)",
					"@executable_path/Frameworks",
				);
				PRODUCT_BUNDLE_IDENTIFIER = pt.luis.blissapp;
				PRODUCT_NAME = "$(TARGET_NAME)";
				PROVISIONING_PROFILE_SPECIFIER = "";
				SWIFT_VERSION = 5.0;
				TARGETED_DEVICE_FAMILY = "1,2";
			};
			name = Debug;
		};
		B20E1ECB2082447D0076322F /* Release */ = {
			isa = XCBuildConfiguration;
			buildSettings = {
				ASSETCATALOG_COMPILER_APPICON_NAME = AppIcon;
				CODE_SIGN_IDENTITY = "iPhone Developer";
				CODE_SIGN_STYLE = Automatic;
				DEVELOPMENT_TEAM = "";
				INFOPLIST_FILE = blissapp/Info.plist;
				LD_RUNPATH_SEARCH_PATHS = (
					"$(inherited)",
					"@executable_path/Frameworks",
				);
				PRODUCT_BUNDLE_IDENTIFIER = pt.luis.blissapp;
				PRODUCT_NAME = "$(TARGET_NAME)";
				PROVISIONING_PROFILE_SPECIFIER = "";
				SWIFT_VERSION = 5.0;
				TARGETED_DEVICE_FAMILY = "1,2";
			};
			name = Release;
		};
/* End XCBuildConfiguration section */

/* Begin XCConfigurationList section */
		B20E1EB22082447A0076322F /* Build configuration list for PBXProject "blissapp" */ = {
			isa = XCConfigurationList;
			buildConfigurations = (
				B20E1EC72082447D0076322F /* Debug */,
				B20E1EC82082447D0076322F /* Release */,
			);
			defaultConfigurationIsVisible = 0;
			defaultConfigurationName = Release;
		};
		B20E1EC92082447D0076322F /* Build configuration list for PBXNativeTarget "blissapp" */ = {
			isa = XCConfigurationList;
			buildConfigurations = (
				B20E1ECA2082447D0076322F /* Debug */,
				B20E1ECB2082447D0076322F /* Release */,
			);
			defaultConfigurationIsVisible = 0;
			defaultConfigurationName = Release;
		};
/* End XCConfigurationList section */
	};
	rootObject = B20E1EAF2082447A0076322F /* Project object */;
}
